
Microsoft Visual Studio Solution File, Format Version 12.00
# Visual Studio Version 17
VisualStudioVersion = 17.2.32516.85
MinimumVisualStudioVersion = 10.0.40219.1
Project("{9A19103F-16F7-4668-BE54-9A1E7A4F7556}") = "RunAsClient", "RunAsClient\RunAsClient.csproj", "{5663FA38-D156-42D5-82EF-C5D2573CA4A5}"
EndProject
Project("{930C7802-8A8C-48F9-8165-68863BCCD9DD}") = "WixRunAsSvcSetup", "WixRunAsSvcSetup\WixRunAsSvcSetup.wixproj", "{7A46B049-234C-44A9-BF39-26E2F5720806}"
EndProject
Project("{930C7802-8A8C-48F9-8165-68863BCCD9DD}") = "Bootstrapper", "Bootstrapper\Bootstrapper.wixproj", "{9BD69D9F-A540-4934-8DE4-CE0DCA0F5623}"
EndProject
Project("{8BC9CEB8-8B4A-11D0-8D11-00A0C91BC942}") = "Crypt", "Crypt\Crypt.vcxproj", "{26B80BDE-40D3-4A60-B9AA-9543B4755994}"
EndProject
Global
	GlobalSection(SolutionConfigurationPlatforms) = preSolution
		Debug|Any CPU = Debug|Any CPU
		Debug|x64 = Debug|x64
		Debug|x86 = Debug|x86
		Release|Any CPU = Release|Any CPU
		Release|x64 = Release|x64
		Release|x86 = Release|x86
	EndGlobalSection
	GlobalSection(ProjectConfigurationPlatforms) = postSolution
		{5663FA38-D156-42D5-82EF-C5D2573CA4A5}.Debug|Any CPU.ActiveCfg = Debug|Any CPU
		{5663FA38-D156-42D5-82EF-C5D2573CA4A5}.Debug|Any CPU.Build.0 = Debug|Any CPU
		{5663FA38-D156-42D5-82EF-C5D2573CA4A5}.Debug|x64.ActiveCfg = Debug|Any CPU
		{5663FA38-D156-42D5-82EF-C5D2573CA4A5}.Debug|x64.Build.0 = Debug|Any CPU
		{5663FA38-D156-42D5-82EF-C5D2573CA4A5}.Debug|x86.ActiveCfg = Debug|Any CPU
		{5663FA38-D156-42D5-82EF-C5D2573CA4A5}.Debug|x86.Build.0 = Debug|Any CPU
		{5663FA38-D156-42D5-82EF-C5D2573CA4A5}.Release|Any CPU.ActiveCfg = Release|Any CPU
		{5663FA38-D156-42D5-82EF-C5D2573CA4A5}.Release|Any CPU.Build.0 = Release|Any CPU
		{5663FA38-D156-42D5-82EF-C5D2573CA4A5}.Release|x64.ActiveCfg = Release|Any CPU
		{5663FA38-D156-42D5-82EF-C5D2573CA4A5}.Release|x64.Build.0 = Release|Any CPU
		{5663FA38-D156-42D5-82EF-C5D2573CA4A5}.Release|x86.ActiveCfg = Release|Any CPU
		{5663FA38-D156-42D5-82EF-C5D2573CA4A5}.Release|x86.Build.0 = Release|Any CPU
		{7A46B049-234C-44A9-BF39-26E2F5720806}.Debug|Any CPU.ActiveCfg = Debug|x86
		{7A46B049-234C-44A9-BF39-26E2F5720806}.Debug|Any CPU.Build.0 = Debug|x86
		{7A46B049-234C-44A9-BF39-26E2F5720806}.Debug|x64.ActiveCfg = Debug|x86
		{7A46B049-234C-44A9-BF39-26E2F5720806}.Debug|x64.Build.0 = Debug|x86
		{7A46B049-234C-44A9-BF39-26E2F5720806}.Debug|x86.ActiveCfg = Debug|x86
		{7A46B049-234C-44A9-BF39-26E2F5720806}.Debug|x86.Build.0 = Debug|x86
		{7A46B049-234C-44A9-BF39-26E2F5720806}.Release|Any CPU.ActiveCfg = Release|x86
		{7A46B049-234C-44A9-BF39-26E2F5720806}.Release|Any CPU.Build.0 = Release|x86
		{7A46B049-234C-44A9-BF39-26E2F5720806}.Release|x64.ActiveCfg = Release|x86
		{7A46B049-234C-44A9-BF39-26E2F5720806}.Release|x64.Build.0 = Release|x86
		{7A46B049-234C-44A9-BF39-26E2F5720806}.Release|x86.ActiveCfg = Release|x86
		{7A46B049-234C-44A9-BF39-26E2F5720806}.Release|x86.Build.0 = Release|x86
		{9BD69D9F-A540-4934-8DE4-CE0DCA0F5623}.Debug|Any CPU.ActiveCfg = Debug|x86
		{9BD69D9F-A540-4934-8DE4-CE0DCA0F5623}.Debug|Any CPU.Build.0 = Debug|x86
		{9BD69D9F-A540-4934-8DE4-CE0DCA0F5623}.Debug|x64.ActiveCfg = Debug|x86
		{9BD69D9F-A540-4934-8DE4-CE0DCA0F5623}.Debug|x64.Build.0 = Debug|x86
		{9BD69D9F-A540-4934-8DE4-CE0DCA0F5623}.Debug|x86.ActiveCfg = Debug|x86
		{9BD69D9F-A540-4934-8DE4-CE0DCA0F5623}.Debug|x86.Build.0 = Debug|x86
		{9BD69D9F-A540-4934-8DE4-CE0DCA0F5623}.Release|Any CPU.ActiveCfg = Release|x86
		{9BD69D9F-A540-4934-8DE4-CE0DCA0F5623}.Release|Any CPU.Build.0 = Release|x86
		{9BD69D9F-A540-4934-8DE4-CE0DCA0F5623}.Release|x64.ActiveCfg = Release|x86
		{9BD69D9F-A540-4934-8DE4-CE0DCA0F5623}.Release|x64.Build.0 = Release|x86
		{9BD69D9F-A540-4934-8DE4-CE0DCA0F5623}.Release|x86.ActiveCfg = Release|x86
		{9BD69D9F-A540-4934-8DE4-CE0DCA0F5623}.Release|x86.Build.0 = Release|x86
		{26B80BDE-40D3-4A60-B9AA-9543B4755994}.Debug|Any CPU.ActiveCfg = Debug|x64
		{26B80BDE-40D3-4A60-B9AA-9543B4755994}.Debug|Any CPU.Build.0 = Debug|x64
		{26B80BDE-40D3-4A60-B9AA-9543B4755994}.Debug|x64.ActiveCfg = Debug|x64
		{26B80BDE-40D3-4A60-B9AA-9543B4755994}.Debug|x64.Build.0 = Debug|x64
		{26B80BDE-40D3-4A60-B9AA-9543B4755994}.Debug|x86.ActiveCfg = Debug|Win32
		{26B80BDE-40D3-4A60-B9AA-9543B4755994}.Debug|x86.Build.0 = Debug|Win32
		{26B80BDE-40D3-4A60-B9AA-9543B4755994}.Release|Any CPU.ActiveCfg = Release|x64
		{26B80BDE-40D3-4A60-B9AA-9543B4755994}.Release|Any CPU.Build.0 = Release|x64
		{26B80BDE-40D3-4A60-B9AA-9543B4755994}.Release|x64.ActiveCfg = Release|x64
		{26B80BDE-40D3-4A60-B9AA-9543B4755994}.Release|x64.Build.0 = Release|x64
		{26B80BDE-40D3-4A60-B9AA-9543B4755994}.Release|x86.ActiveCfg = Release|Win32
		{26B80BDE-40D3-4A60-B9AA-9543B4755994}.Release|x86.Build.0 = Release|Win32
	EndGlobalSection
	GlobalSection(SolutionProperties) = preSolution
		HideSolutionNode = FALSE
	EndGlobalSection
	GlobalSection(ExtensibilityGlobals) = postSolution
		SolutionGuid = {5AAD208D-FAF4-446A-83DF-4C2EC3A0F3EF}
	EndGlobalSection
EndGlobal
